
Microsoft Visual Studio Solution File, Format Version 12.00
# Visual Studio Version 16
VisualStudioVersion = 16.0.29324.140
MinimumVisualStudioVersion = 10.0.40219.1
Project("{FAE04EC0-301F-11D3-BF4B-00C04F79EFBC}") = "iLearnApi", "iLearnApi.csproj", "{7786476C-3504-4BB3-B29E-3A9C8F09040F}"
EndProject
Global
	GlobalSection(SolutionConfigurationPlatforms) = preSolution
		Debug|Any CPU = Debug|Any CPU
		Release|Any CPU = Release|Any CPU
	EndGlobalSection
	GlobalSection(ProjectConfigurationPlatforms) = postSolution
		{7786476C-3504-4BB3-B29E-3A9C8F09040F}.Debug|Any CPU.ActiveCfg = Debug|Any CPU
		{7786476C-3504-4BB3-B29E-3A9C8F09040F}.Debug|Any CPU.Build.0 = Debug|Any CPU
		{7786476C-3504-4BB3-B29E-3A9C8F09040F}.Release|Any CPU.ActiveCfg = Release|Any CPU
		{7786476C-3504-4BB3-B29E-3A9C8F09040F}.Release|Any CPU.Build.0 = Release|Any CPU
	EndGlobalSection
	GlobalSection(SolutionProperties) = preSolution
		HideSolutionNode = FALSE
	EndGlobalSection
	GlobalSection(ExtensibilityGlobals) = postSolution
		SolutionGuid = {F11F6504-AEA9-4682-B467-3DC4EE3A108C}
	EndGlobalSection
EndGlobal
